
Microsoft Visual Studio Solution File, Format Version 12.00
# Visual Studio 15
VisualStudioVersion = 15.0.28010.2046
MinimumVisualStudioVersion = 10.0.40219.1
Project("{FAE04EC0-301F-11D3-BF4B-00C04F79EFBC}") = "Kelompok19.Android", "Kelompok19\Kelompok19.Android\Kelompok19.Android.csproj", "{BFA8CF91-2636-47BB-8071-91221002BCE7}"
EndProject
Project("{FAE04EC0-301F-11D3-BF4B-00C04F79EFBC}") = "Kelompok19.iOS", "Kelompok19\Kelompok19.iOS\Kelompok19.iOS.csproj", "{1FABC5F4-59B5-40D1-813C-4187E58EC916}"
EndProject
Project("{FAE04EC0-301F-11D3-BF4B-00C04F79EFBC}") = "Kelompok19", "Kelompok19\Kelompok19\Kelompok19.csproj", "{DEA8F7B0-CDDA-4E1C-95AD-4BAE8A2547C2}"
EndProject
Global
	GlobalSection(SolutionConfigurationPlatforms) = preSolution
		Ad-Hoc|Any CPU = Ad-Hoc|Any CPU
		Ad-Hoc|iPhone = Ad-Hoc|iPhone
		Ad-Hoc|iPhoneSimulator = Ad-Hoc|iPhoneSimulator
		AppStore|Any CPU = AppStore|Any CPU
		AppStore|iPhone = AppStore|iPhone
		AppStore|iPhoneSimulator = AppStore|iPhoneSimulator
		Debug|Any CPU = Debug|Any CPU
		Debug|iPhone = Debug|iPhone
		Debug|iPhoneSimulator = Debug|iPhoneSimulator
		Release|Any CPU = Release|Any CPU
		Release|iPhone = Release|iPhone
		Release|iPhoneSimulator = Release|iPhoneSimulator
	EndGlobalSection
	GlobalSection(ProjectConfigurationPlatforms) = postSolution
		{BFA8CF91-2636-47BB-8071-91221002BCE7}.Ad-Hoc|Any CPU.ActiveCfg = Release|Any CPU
		{BFA8CF91-2636-47BB-8071-91221002BCE7}.Ad-Hoc|Any CPU.Build.0 = Release|Any CPU
		{BFA8CF91-2636-47BB-8071-91221002BCE7}.Ad-Hoc|Any CPU.Deploy.0 = Release|Any CPU
		{BFA8CF91-2636-47BB-8071-91221002BCE7}.Ad-Hoc|iPhone.ActiveCfg = Release|Any CPU
		{BFA8CF91-2636-47BB-8071-91221002BCE7}.Ad-Hoc|iPhone.Build.0 = Release|Any CPU
		{BFA8CF91-2636-47BB-8071-91221002BCE7}.Ad-Hoc|iPhone.Deploy.0 = Release|Any CPU
		{BFA8CF91-2636-47BB-8071-91221002BCE7}.Ad-Hoc|iPhoneSimulator.ActiveCfg = Release|Any CPU
		{BFA8CF91-2636-47BB-8071-91221002BCE7}.Ad-Hoc|iPhoneSimulator.Build.0 = Release|Any CPU
		{BFA8CF91-2636-47BB-8071-91221002BCE7}.Ad-Hoc|iPhoneSimulator.Deploy.0 = Release|Any CPU
		{BFA8CF91-2636-47BB-8071-91221002BCE7}.AppStore|Any CPU.ActiveCfg = Release|Any CPU
		{BFA8CF91-2636-47BB-8071-91221002BCE7}.AppStore|Any CPU.Build.0 = Release|Any CPU
		{BFA8CF91-2636-47BB-8071-91221002BCE7}.AppStore|Any CPU.Deploy.0 = Release|Any CPU
		{BFA8CF91-2636-47BB-8071-91221002BCE7}.AppStore|iPhone.ActiveCfg = Release|Any CPU
		{BFA8CF91-2636-47BB-8071-91221002BCE7}.AppStore|iPhone.Build.0 = Release|Any CPU
		{BFA8CF91-2636-47BB-8071-91221002BCE7}.AppStore|iPhone.Deploy.0 = Release|Any CPU
		{BFA8CF91-2636-47BB-8071-91221002BCE7}.AppStore|iPhoneSimulator.ActiveCfg = Release|Any CPU
		{BFA8CF91-2636-47BB-8071-91221002BCE7}.AppStore|iPhoneSimulator.Build.0 = Release|Any CPU
		{BFA8CF91-2636-47BB-8071-91221002BCE7}.AppStore|iPhoneSimulator.Deploy.0 = Release|Any CPU
		{BFA8CF91-2636-47BB-8071-91221002BCE7}.Debug|Any CPU.ActiveCfg = Debug|Any CPU
		{BFA8CF91-2636-47BB-8071-91221002BCE7}.Debug|Any CPU.Build.0 = Debug|Any CPU
		{BFA8CF91-2636-47BB-8071-91221002BCE7}.Debug|Any CPU.Deploy.0 = Debug|Any CPU
		{BFA8CF91-2636-47BB-8071-91221002BCE7}.Debug|iPhone.ActiveCfg = Debug|Any CPU
		{BFA8CF91-2636-47BB-8071-91221002BCE7}.Debug|iPhone.Build.0 = Debug|Any CPU
		{BFA8CF91-2636-47BB-8071-91221002BCE7}.Debug|iPhone.Deploy.0 = Debug|Any CPU
		{BFA8CF91-2636-47BB-8071-91221002BCE7}.Debug|iPhoneSimulator.ActiveCfg = Debug|Any CPU
		{BFA8CF91-2636-47BB-8071-91221002BCE7}.Debug|iPhoneSimulator.Build.0 = Debug|Any CPU
		{BFA8CF91-2636-47BB-8071-91221002BCE7}.Debug|iPhoneSimulator.Deploy.0 = Debug|Any CPU
		{BFA8CF91-2636-47BB-8071-91221002BCE7}.Release|Any CPU.ActiveCfg = Release|Any CPU
		{BFA8CF91-2636-47BB-8071-91221002BCE7}.Release|Any CPU.Build.0 = Release|Any CPU
		{BFA8CF91-2636-47BB-8071-91221002BCE7}.Release|Any CPU.Deploy.0 = Release|Any CPU
		{BFA8CF91-2636-47BB-8071-91221002BCE7}.Release|iPhone.ActiveCfg = Release|Any CPU
		{BFA8CF91-2636-47BB-8071-91221002BCE7}.Release|iPhone.Build.0 = Release|Any CPU
		{BFA8CF91-2636-47BB-8071-91221002BCE7}.Release|iPhone.Deploy.0 = Release|Any CPU
		{BFA8CF91-2636-47BB-8071-91221002BCE7}.Release|iPhoneSimulator.ActiveCfg = Release|Any CPU
		{BFA8CF91-2636-47BB-8071-91221002BCE7}.Release|iPhoneSimulator.Build.0 = Release|Any CPU
		{BFA8CF91-2636-47BB-8071-91221002BCE7}.Release|iPhoneSimulator.Deploy.0 = Release|Any CPU
		{1FABC5F4-59B5-40D1-813C-4187E58EC916}.Ad-Hoc|Any CPU.ActiveCfg = Ad-Hoc|iPhone
		{1FABC5F4-59B5-40D1-813C-4187E58EC916}.Ad-Hoc|Any CPU.Build.0 = Ad-Hoc|iPhone
		{1FABC5F4-59B5-40D1-813C-4187E58EC916}.Ad-Hoc|Any CPU.Deploy.0 = Ad-Hoc|iPhone
		{1FABC5F4-59B5-40D1-813C-4187E58EC916}.Ad-Hoc|iPhone.ActiveCfg = Ad-Hoc|iPhone
		{1FABC5F4-59B5-40D1-813C-4187E58EC916}.Ad-Hoc|iPhone.Build.0 = Ad-Hoc|iPhone
		{1FABC5F4-59B5-40D1-813C-4187E58EC916}.Ad-Hoc|iPhone.Deploy.0 = Ad-Hoc|iPhone
		{1FABC5F4-59B5-40D1-813C-4187E58EC916}.Ad-Hoc|iPhoneSimulator.ActiveCfg = Ad-Hoc|iPhoneSimulator
		{1FABC5F4-59B5-40D1-813C-4187E58EC916}.Ad-Hoc|iPhoneSimulator.Build.0 = Ad-Hoc|iPhoneSimulator
		{1FABC5F4-59B5-40D1-813C-4187E58EC916}.Ad-Hoc|iPhoneSimulator.Deploy.0 = Ad-Hoc|iPhoneSimulator
		{1FABC5F4-59B5-40D1-813C-4187E58EC916}.AppStore|Any CPU.ActiveCfg = AppStore|iPhone
		{1FABC5F4-59B5-40D1-813C-4187E58EC916}.AppStore|Any CPU.Build.0 = AppStore|iPhone
		{1FABC5F4-59B5-40D1-813C-4187E58EC916}.AppStore|Any CPU.Deploy.0 = AppStore|iPhone
		{1FABC5F4-59B5-40D1-813C-4187E58EC916}.AppStore|iPhone.ActiveCfg = AppStore|iPhone
		{1FABC5F4-59B5-40D1-813C-4187E58EC916}.AppStore|iPhone.Build.0 = AppStore|iPhone
		{1FABC5F4-59B5-40D1-813C-4187E58EC916}.AppStore|iPhone.Deploy.0 = AppStore|iPhone
		{1FABC5F4-59B5-40D1-813C-4187E58EC916}.AppStore|iPhoneSimulator.ActiveCfg = AppStore|iPhoneSimulator
		{1FABC5F4-59B5-40D1-813C-4187E58EC916}.AppStore|iPhoneSimulator.Build.0 = AppStore|iPhoneSimulator
		{1FABC5F4-59B5-40D1-813C-4187E58EC916}.AppStore|iPhoneSimulator.Deploy.0 = AppStore|iPhoneSimulator
		{1FABC5F4-59B5-40D1-813C-4187E58EC916}.Debug|Any CPU.ActiveCfg = Debug|iPhoneSimulator
		{1FABC5F4-59B5-40D1-813C-4187E58EC916}.Debug|Any CPU.Build.0 = Debug|iPhoneSimulator
		{1FABC5F4-59B5-40D1-813C-4187E58EC916}.Debug|Any CPU.Deploy.0 = Debug|iPhoneSimulator
		{1FABC5F4-59B5-40D1-813C-4187E58EC916}.Debug|iPhone.ActiveCfg = Debug|iPhone
		{1FABC5F4-59B5-40D1-813C-4187E58EC916}.Debug|iPhone.Build.0 = Debug|iPhone
		{1FABC5F4-59B5-40D1-813C-4187E58EC916}.Debug|iPhone.Deploy.0 = Debug|iPhone
		{1FABC5F4-59B5-40D1-813C-4187E58EC916}.Debug|iPhoneSimulator.ActiveCfg = Debug|iPhoneSimulator
		{1FABC5F4-59B5-40D1-813C-4187E58EC916}.Debug|iPhoneSimulator.Build.0 = Debug|iPhoneSimulator
		{1FABC5F4-59B5-40D1-813C-4187E58EC916}.Debug|iPhoneSimulator.Deploy.0 = Debug|iPhoneSimulator
		{1FABC5F4-59B5-40D1-813C-4187E58EC916}.Release|Any CPU.ActiveCfg = Release|iPhone
		{1FABC5F4-59B5-40D1-813C-4187E58EC916}.Release|Any CPU.Build.0 = Release|iPhone
		{1FABC5F4-59B5-40D1-813C-4187E58EC916}.Release|Any CPU.Deploy.0 = Release|iPhone
		{1FABC5F4-59B5-40D1-813C-4187E58EC916}.Release|iPhone.ActiveCfg = Release|iPhone
		{1FABC5F4-59B5-40D1-813C-4187E58EC916}.Release|iPhone.Build.0 = Release|iPhone
		{1FABC5F4-59B5-40D1-813C-4187E58EC916}.Release|iPhone.Deploy.0 = Release|iPhone
		{1FABC5F4-59B5-40D1-813C-4187E58EC916}.Release|iPhoneSimulator.ActiveCfg = Release|iPhoneSimulator
		{1FABC5F4-59B5-40D1-813C-4187E58EC916}.Release|iPhoneSimulator.Build.0 = Release|iPhoneSimulator
		{1FABC5F4-59B5-40D1-813C-4187E58EC916}.Release|iPhoneSimulator.Deploy.0 = Release|iPhoneSimulator
		{DEA8F7B0-CDDA-4E1C-95AD-4BAE8A2547C2}.Ad-Hoc|Any CPU.ActiveCfg = Debug|Any CPU
		{DEA8F7B0-CDDA-4E1C-95AD-4BAE8A2547C2}.Ad-Hoc|Any CPU.Build.0 = Debug|Any CPU
		{DEA8F7B0-CDDA-4E1C-95AD-4BAE8A2547C2}.Ad-Hoc|Any CPU.Deploy.0 = Debug|Any CPU
		{DEA8F7B0-CDDA-4E1C-95AD-4BAE8A2547C2}.Ad-Hoc|iPhone.ActiveCfg = Debug|Any CPU
		{DEA8F7B0-CDDA-4E1C-95AD-4BAE8A2547C2}.Ad-Hoc|iPhone.Build.0 = Debug|Any CPU
		{DEA8F7B0-CDDA-4E1C-95AD-4BAE8A2547C2}.Ad-Hoc|iPhone.Deploy.0 = Debug|Any CPU
		{DEA8F7B0-CDDA-4E1C-95AD-4BAE8A2547C2}.Ad-Hoc|iPhoneSimulator.ActiveCfg = Debug|Any CPU
		{DEA8F7B0-CDDA-4E1C-95AD-4BAE8A2547C2}.Ad-Hoc|iPhoneSimulator.Build.0 = Debug|Any CPU
		{DEA8F7B0-CDDA-4E1C-95AD-4BAE8A2547C2}.Ad-Hoc|iPhoneSimulator.Deploy.0 = Debug|Any CPU
		{DEA8F7B0-CDDA-4E1C-95AD-4BAE8A2547C2}.AppStore|Any CPU.ActiveCfg = Debug|Any CPU
		{DEA8F7B0-CDDA-4E1C-95AD-4BAE8A2547C2}.AppStore|Any CPU.Build.0 = Debug|Any CPU
		{DEA8F7B0-CDDA-4E1C-95AD-4BAE8A2547C2}.AppStore|Any CPU.Deploy.0 = Debug|Any CPU
		{DEA8F7B0-CDDA-4E1C-95AD-4BAE8A2547C2}.AppStore|iPhone.ActiveCfg = Debug|Any CPU
		{DEA8F7B0-CDDA-4E1C-95AD-4BAE8A2547C2}.AppStore|iPhone.Build.0 = Debug|Any CPU
		{DEA8F7B0-CDDA-4E1C-95AD-4BAE8A2547C2}.AppStore|iPhone.Deploy.0 = Debug|Any CPU
		{DEA8F7B0-CDDA-4E1C-95AD-4BAE8A2547C2}.AppStore|iPhoneSimulator.ActiveCfg = Debug|Any CPU
		{DEA8F7B0-CDDA-4E1C-95AD-4BAE8A2547C2}.AppStore|iPhoneSimulator.Build.0 = Debug|Any CPU
		{DEA8F7B0-CDDA-4E1C-95AD-4BAE8A2547C2}.AppStore|iPhoneSimulator.Deploy.0 = Debug|Any CPU
		{DEA8F7B0-CDDA-4E1C-95AD-4BAE8A2547C2}.Debug|Any CPU.ActiveCfg = Debug|Any CPU
		{DEA8F7B0-CDDA-4E1C-95AD-4BAE8A2547C2}.Debug|Any CPU.Build.0 = Debug|Any CPU
		{DEA8F7B0-CDDA-4E1C-95AD-4BAE8A2547C2}.Debug|Any CPU.Deploy.0 = Debug|Any CPU
		{DEA8F7B0-CDDA-4E1C-95AD-4BAE8A2547C2}.Debug|iPhone.ActiveCfg = Debug|Any CPU
		{DEA8F7B0-CDDA-4E1C-95AD-4BAE8A2547C2}.Debug|iPhone.Build.0 = Debug|Any CPU
		{DEA8F7B0-CDDA-4E1C-95AD-4BAE8A2547C2}.Debug|iPhone.Deploy.0 = Debug|Any CPU
		{DEA8F7B0-CDDA-4E1C-95AD-4BAE8A2547C2}.Debug|iPhoneSimulator.ActiveCfg = Debug|Any CPU
		{DEA8F7B0-CDDA-4E1C-95AD-4BAE8A2547C2}.Debug|iPhoneSimulator.Build.0 = Debug|Any CPU
		{DEA8F7B0-CDDA-4E1C-95AD-4BAE8A2547C2}.Debug|iPhoneSimulator.Deploy.0 = Debug|Any CPU
		{DEA8F7B0-CDDA-4E1C-95AD-4BAE8A2547C2}.Release|Any CPU.ActiveCfg = Release|Any CPU
		{DEA8F7B0-CDDA-4E1C-95AD-4BAE8A2547C2}.Release|Any CPU.Build.0 = Release|Any CPU
		{DEA8F7B0-CDDA-4E1C-95AD-4BAE8A2547C2}.Release|Any CPU.Deploy.0 = Release|Any CPU
		{DEA8F7B0-CDDA-4E1C-95AD-4BAE8A2547C2}.Release|iPhone.ActiveCfg = Release|Any CPU
		{DEA8F7B0-CDDA-4E1C-95AD-4BAE8A2547C2}.Release|iPhone.Build.0 = Release|Any CPU
		{DEA8F7B0-CDDA-4E1C-95AD-4BAE8A2547C2}.Release|iPhone.Deploy.0 = Release|Any CPU
		{DEA8F7B0-CDDA-4E1C-95AD-4BAE8A2547C2}.Release|iPhoneSimulator.ActiveCfg = Release|Any CPU
		{DEA8F7B0-CDDA-4E1C-95AD-4BAE8A2547C2}.Release|iPhoneSimulator.Build.0 = Release|Any CPU
		{DEA8F7B0-CDDA-4E1C-95AD-4BAE8A2547C2}.Release|iPhoneSimulator.Deploy.0 = Release|Any CPU
	EndGlobalSection
	GlobalSection(SolutionProperties) = preSolution
		HideSolutionNode = FALSE
	EndGlobalSection
	GlobalSection(ExtensibilityGlobals) = postSolution
		SolutionGuid = {2606C803-337C-4EA5-8165-7C7AEE8E877D}
	EndGlobalSection
EndGlobal
